
Microsoft Visual Studio Solution File, Format Version 12.00
# Visual Studio Version 17
VisualStudioVersion = 17.0.31903.59
MinimumVisualStudioVersion = 10.0.40219.1
Project("{2150E333-8FDC-42A3-9474-1A3956D46DE8}") = "src", "src", "{827E0CD3-B72D-47B6-A68D-7590B98EB39B}"
EndProject
Project("{FAE04EC0-301F-11D3-BF4B-00C04F79EFBC}") = "Arbitarr.Core", "src\Arbitarr.Core\Arbitarr.Core.csproj", "{61961AD7-F070-4B68-AC84-419CEBE83A03}"
EndProject
Project("{FAE04EC0-301F-11D3-BF4B-00C04F79EFBC}") = "Arbitarr.Host", "src\Arbitarr.Host\Arbitarr.Host.csproj", "{6271A401-FEFE-45A5-9CF8-77F1093F9C1E}"
EndProject
Project("{2150E333-8FDC-42A3-9474-1A3956D46DE8}") = "tests", "tests", "{0AB3BF05-4346-4AA6-1389-037BE0695223}"
EndProject
Project("{FAE04EC0-301F-11D3-BF4B-00C04F79EFBC}") = "Arbitarr.Core.Tests", "tests\Arbitarr.Core.Tests\Arbitarr.Core.Tests.csproj", "{292445B5-6262-4840-A12B-CEAC1757DBAF}"
EndProject
Project("{FAE04EC0-301F-11D3-BF4B-00C04F79EFBC}") = "Arbitarr.Media", "src\Arbitarr.Media\Arbitarr.Media.csproj", "{263CC5DB-2D83-48C0-945E-771C7A2C77A3}"
EndProject
Project("{FAE04EC0-301F-11D3-BF4B-00C04F79EFBC}") = "Arbitarr.Core.Identity", "src\Arbitarr.Core.Identity\Arbitarr.Core.Identity.csproj", "{FD6C9BE9-C1A9-4343-B85F-B1E8D68D8D6C}"
EndProject
Project("{FAE04EC0-301F-11D3-BF4B-00C04F79EFBC}") = "Arbitarr.Api", "src\Arbitarr.Api\Arbitarr.Api.csproj", "{13A3E75C-D71D-4FD9-8D1C-37E1AF587013}"
EndProject
Project("{FAE04EC0-301F-11D3-BF4B-00C04F79EFBC}") = "Arbitarr.Ai", "src\Arbitarr.Ai\Arbitarr.Ai.csproj", "{5A5B2007-CBEE-4C3A-8B9B-554440372B58}"
EndProject
Project("{FAE04EC0-301F-11D3-BF4B-00C04F79EFBC}") = "Arbitarr.Media.Tests", "tests\Arbitarr.Media.Tests\Arbitarr.Media.Tests.csproj", "{CAEBDBA3-1F18-421E-933E-8CD00C00FD79}"
EndProject
Project("{FAE04EC0-301F-11D3-BF4B-00C04F79EFBC}") = "Arbitarr.Api.Tests", "tests\Arbitarr.Api.Tests\Arbitarr.Api.Tests.csproj", "{A3FCDAB1-E8A7-43D7-8F64-3B6C4B2AD6B2}"
EndProject
Project("{FAE04EC0-301F-11D3-BF4B-00C04F79EFBC}") = "Arbitarr.Ai.Tests", "tests\Arbitarr.Ai.Tests\Arbitarr.Ai.Tests.csproj", "{688C1BD8-14B7-428C-B9B2-D74B84EE0D82}"
EndProject
Project("{FAE04EC0-301F-11D3-BF4B-00C04F79EFBC}") = "Arbitarr.Integration.Tests", "tests\Arbitarr.Integration.Tests\Arbitarr.Integration.Tests.csproj", "{4A112F77-EA92-4693-8C87-04290CC32C93}"
EndProject
Project("{FAE04EC0-301F-11D3-BF4B-00C04F79EFBC}") = "Arbitarr.Architecture.Tests", "tests\Arbitarr.Architecture.Tests\Arbitarr.Architecture.Tests.csproj", "{FD591838-D680-424E-A6D6-FAC0EF5B8179}"
EndProject
Project("{FAE04EC0-301F-11D3-BF4B-00C04F79EFBC}") = "Arbitarr.Data", "src\Arbitarr.Data\Arbitarr.Data.csproj", "{5CF5C596-B497-4B03-95D0-D1914DF6C994}"
EndProject
Project("{FAE04EC0-301F-11D3-BF4B-00C04F79EFBC}") = "Arbitarr.Data.Tests", "tests\Arbitarr.Data.Tests\Arbitarr.Data.Tests.csproj", "{24C294CF-65A8-4BF6-B0C2-F917F8097E69}"
EndProject
Project("{FAE04EC0-301F-11D3-BF4B-00C04F79EFBC}") = "Arbitarr.Sources.NzbHydra", "src\Arbitarr.Sources.NzbHydra\Arbitarr.Sources.NzbHydra.csproj", "{5B8F3776-598A-4114-943A-FA32EA6FFA33}"
EndProject
Project("{FAE04EC0-301F-11D3-BF4B-00C04F79EFBC}") = "Arbitarr.Sources.NzbHydra.Tests", "tests\Arbitarr.Sources.NzbHydra.Tests\Arbitarr.Sources.NzbHydra.Tests.csproj", "{685285A0-C98C-4FFB-9FF4-0DE2EDA40933}"
EndProject
Project("{FAE04EC0-301F-11D3-BF4B-00C04F79EFBC}") = "Arbitarr.Core.Identity.Tests", "tests\Arbitarr.Core.Identity.Tests\Arbitarr.Core.Identity.Tests.csproj", "{0E1DD84F-F9A9-4E2E-B154-5995638F1378}"
EndProject
Global
	GlobalSection(SolutionConfigurationPlatforms) = preSolution
		Debug|Any CPU = Debug|Any CPU
		Debug|x64 = Debug|x64
		Debug|x86 = Debug|x86
		Release|Any CPU = Release|Any CPU
		Release|x64 = Release|x64
		Release|x86 = Release|x86
	EndGlobalSection
	GlobalSection(ProjectConfigurationPlatforms) = postSolution
		{61961AD7-F070-4B68-AC84-419CEBE83A03}.Debug|Any CPU.ActiveCfg = Debug|Any CPU
		{61961AD7-F070-4B68-AC84-419CEBE83A03}.Debug|Any CPU.Build.0 = Debug|Any CPU
		{61961AD7-F070-4B68-AC84-419CEBE83A03}.Debug|x64.ActiveCfg = Debug|Any CPU
		{61961AD7-F070-4B68-AC84-419CEBE83A03}.Debug|x64.Build.0 = Debug|Any CPU
		{61961AD7-F070-4B68-AC84-419CEBE83A03}.Debug|x86.ActiveCfg = Debug|Any CPU
		{61961AD7-F070-4B68-AC84-419CEBE83A03}.Debug|x86.Build.0 = Debug|Any CPU
		{61961AD7-F070-4B68-AC84-419CEBE83A03}.Release|Any CPU.ActiveCfg = Release|Any CPU
		{61961AD7-F070-4B68-AC84-419CEBE83A03}.Release|Any CPU.Build.0 = Release|Any CPU
		{61961AD7-F070-4B68-AC84-419CEBE83A03}.Release|x64.ActiveCfg = Release|Any CPU
		{61961AD7-F070-4B68-AC84-419CEBE83A03}.Release|x64.Build.0 = Release|Any CPU
		{61961AD7-F070-4B68-AC84-419CEBE83A03}.Release|x86.ActiveCfg = Release|Any CPU
		{61961AD7-F070-4B68-AC84-419CEBE83A03}.Release|x86.Build.0 = Release|Any CPU
		{6271A401-FEFE-45A5-9CF8-77F1093F9C1E}.Debug|Any CPU.ActiveCfg = Debug|Any CPU
		{6271A401-FEFE-45A5-9CF8-77F1093F9C1E}.Debug|Any CPU.Build.0 = Debug|Any CPU
		{6271A401-FEFE-45A5-9CF8-77F1093F9C1E}.Debug|x64.ActiveCfg = Debug|Any CPU
		{6271A401-FEFE-45A5-9CF8-77F1093F9C1E}.Debug|x64.Build.0 = Debug|Any CPU
		{6271A401-FEFE-45A5-9CF8-77F1093F9C1E}.Debug|x86.ActiveCfg = Debug|Any CPU
		{6271A401-FEFE-45A5-9CF8-77F1093F9C1E}.Debug|x86.Build.0 = Debug|Any CPU
		{6271A401-FEFE-45A5-9CF8-77F1093F9C1E}.Release|Any CPU.ActiveCfg = Release|Any CPU
		{6271A401-FEFE-45A5-9CF8-77F1093F9C1E}.Release|Any CPU.Build.0 = Release|Any CPU
		{6271A401-FEFE-45A5-9CF8-77F1093F9C1E}.Release|x64.ActiveCfg = Release|Any CPU
		{6271A401-FEFE-45A5-9CF8-77F1093F9C1E}.Release|x64.Build.0 = Release|Any CPU
		{6271A401-FEFE-45A5-9CF8-77F1093F9C1E}.Release|x86.ActiveCfg = Release|Any CPU
		{6271A401-FEFE-45A5-9CF8-77F1093F9C1E}.Release|x86.Build.0 = Release|Any CPU
		{292445B5-6262-4840-A12B-CEAC1757DBAF}.Debug|Any CPU.ActiveCfg = Debug|Any CPU
		{292445B5-6262-4840-A12B-CEAC1757DBAF}.Debug|Any CPU.Build.0 = Debug|Any CPU
		{292445B5-6262-4840-A12B-CEAC1757DBAF}.Debug|x64.ActiveCfg = Debug|Any CPU
		{292445B5-6262-4840-A12B-CEAC1757DBAF}.Debug|x64.Build.0 = Debug|Any CPU
		{292445B5-6262-4840-A12B-CEAC1757DBAF}.Debug|x86.ActiveCfg = Debug|Any CPU
		{292445B5-6262-4840-A12B-CEAC1757DBAF}.Debug|x86.Build.0 = Debug|Any CPU
		{292445B5-6262-4840-A12B-CEAC1757DBAF}.Release|Any CPU.ActiveCfg = Release|Any CPU
		{292445B5-6262-4840-A12B-CEAC1757DBAF}.Release|Any CPU.Build.0 = Release|Any CPU
		{292445B5-6262-4840-A12B-CEAC1757DBAF}.Release|x64.ActiveCfg = Release|Any CPU
		{292445B5-6262-4840-A12B-CEAC1757DBAF}.Release|x64.Build.0 = Release|Any CPU
		{292445B5-6262-4840-A12B-CEAC1757DBAF}.Release|x86.ActiveCfg = Release|Any CPU
		{292445B5-6262-4840-A12B-CEAC1757DBAF}.Release|x86.Build.0 = Release|Any CPU
		{263CC5DB-2D83-48C0-945E-771C7A2C77A3}.Debug|Any CPU.ActiveCfg = Debug|Any CPU
		{263CC5DB-2D83-48C0-945E-771C7A2C77A3}.Debug|Any CPU.Build.0 = Debug|Any CPU
		{263CC5DB-2D83-48C0-945E-771C7A2C77A3}.Debug|x64.ActiveCfg = Debug|Any CPU
		{263CC5DB-2D83-48C0-945E-771C7A2C77A3}.Debug|x64.Build.0 = Debug|Any CPU
		{263CC5DB-2D83-48C0-945E-771C7A2C77A3}.Debug|x86.ActiveCfg = Debug|Any CPU
		{263CC5DB-2D83-48C0-945E-771C7A2C77A3}.Debug|x86.Build.0 = Debug|Any CPU
		{263CC5DB-2D83-48C0-945E-771C7A2C77A3}.Release|Any CPU.ActiveCfg = Release|Any CPU
		{263CC5DB-2D83-48C0-945E-771C7A2C77A3}.Release|Any CPU.Build.0 = Release|Any CPU
		{263CC5DB-2D83-48C0-945E-771C7A2C77A3}.Release|x64.ActiveCfg = Release|Any CPU
		{263CC5DB-2D83-48C0-945E-771C7A2C77A3}.Release|x64.Build.0 = Release|Any CPU
		{263CC5DB-2D83-48C0-945E-771C7A2C77A3}.Release|x86.ActiveCfg = Release|Any CPU
		{263CC5DB-2D83-48C0-945E-771C7A2C77A3}.Release|x86.Build.0 = Release|Any CPU
		{FD6C9BE9-C1A9-4343-B85F-B1E8D68D8D6C}.Debug|Any CPU.ActiveCfg = Debug|Any CPU
		{FD6C9BE9-C1A9-4343-B85F-B1E8D68D8D6C}.Debug|Any CPU.Build.0 = Debug|Any CPU
		{FD6C9BE9-C1A9-4343-B85F-B1E8D68D8D6C}.Debug|x64.ActiveCfg = Debug|Any CPU
		{FD6C9BE9-C1A9-4343-B85F-B1E8D68D8D6C}.Debug|x64.Build.0 = Debug|Any CPU
		{FD6C9BE9-C1A9-4343-B85F-B1E8D68D8D6C}.Debug|x86.ActiveCfg = Debug|Any CPU
		{FD6C9BE9-C1A9-4343-B85F-B1E8D68D8D6C}.Debug|x86.Build.0 = Debug|Any CPU
		{FD6C9BE9-C1A9-4343-B85F-B1E8D68D8D6C}.Release|Any CPU.ActiveCfg = Release|Any CPU
		{FD6C9BE9-C1A9-4343-B85F-B1E8D68D8D6C}.Release|Any CPU.Build.0 = Release|Any CPU
		{FD6C9BE9-C1A9-4343-B85F-B1E8D68D8D6C}.Release|x64.ActiveCfg = Release|Any CPU
		{FD6C9BE9-C1A9-4343-B85F-B1E8D68D8D6C}.Release|x64.Build.0 = Release|Any CPU
		{FD6C9BE9-C1A9-4343-B85F-B1E8D68D8D6C}.Release|x86.ActiveCfg = Release|Any CPU
		{FD6C9BE9-C1A9-4343-B85F-B1E8D68D8D6C}.Release|x86.Build.0 = Release|Any CPU
		{13A3E75C-D71D-4FD9-8D1C-37E1AF587013}.Debug|Any CPU.ActiveCfg = Debug|Any CPU
		{13A3E75C-D71D-4FD9-8D1C-37E1AF587013}.Debug|Any CPU.Build.0 = Debug|Any CPU
		{13A3E75C-D71D-4FD9-8D1C-37E1AF587013}.Debug|x64.ActiveCfg = Debug|Any CPU
		{13A3E75C-D71D-4FD9-8D1C-37E1AF587013}.Debug|x64.Build.0 = Debug|Any CPU
		{13A3E75C-D71D-4FD9-8D1C-37E1AF587013}.Debug|x86.ActiveCfg = Debug|Any CPU
		{13A3E75C-D71D-4FD9-8D1C-37E1AF587013}.Debug|x86.Build.0 = Debug|Any CPU
		{13A3E75C-D71D-4FD9-8D1C-37E1AF587013}.Release|Any CPU.ActiveCfg = Release|Any CPU
		{13A3E75C-D71D-4FD9-8D1C-37E1AF587013}.Release|Any CPU.Build.0 = Release|Any CPU
		{13A3E75C-D71D-4FD9-8D1C-37E1AF587013}.Release|x64.ActiveCfg = Release|Any CPU
		{13A3E75C-D71D-4FD9-8D1C-37E1AF587013}.Release|x64.Build.0 = Release|Any CPU
		{13A3E75C-D71D-4FD9-8D1C-37E1AF587013}.Release|x86.ActiveCfg = Release|Any CPU
		{13A3E75C-D71D-4FD9-8D1C-37E1AF587013}.Release|x86.Build.0 = Release|Any CPU
		{5A5B2007-CBEE-4C3A-8B9B-554440372B58}.Debug|Any CPU.ActiveCfg = Debug|Any CPU
		{5A5B2007-CBEE-4C3A-8B9B-554440372B58}.Debug|Any CPU.Build.0 = Debug|Any CPU
		{5A5B2007-CBEE-4C3A-8B9B-554440372B58}.Debug|x64.ActiveCfg = Debug|Any CPU
		{5A5B2007-CBEE-4C3A-8B9B-554440372B58}.Debug|x64.Build.0 = Debug|Any CPU
		{5A5B2007-CBEE-4C3A-8B9B-554440372B58}.Debug|x86.ActiveCfg = Debug|Any CPU
		{5A5B2007-CBEE-4C3A-8B9B-554440372B58}.Debug|x86.Build.0 = Debug|Any CPU
		{5A5B2007-CBEE-4C3A-8B9B-554440372B58}.Release|Any CPU.ActiveCfg = Release|Any CPU
		{5A5B2007-CBEE-4C3A-8B9B-554440372B58}.Release|Any CPU.Build.0 = Release|Any CPU
		{5A5B2007-CBEE-4C3A-8B9B-554440372B58}.Release|x64.ActiveCfg = Release|Any CPU
		{5A5B2007-CBEE-4C3A-8B9B-554440372B58}.Release|x64.Build.0 = Release|Any CPU
		{5A5B2007-CBEE-4C3A-8B9B-554440372B58}.Release|x86.ActiveCfg = Release|Any CPU
		{5A5B2007-CBEE-4C3A-8B9B-554440372B58}.Release|x86.Build.0 = Release|Any CPU
		{CAEBDBA3-1F18-421E-933E-8CD00C00FD79}.Debug|Any CPU.ActiveCfg = Debug|Any CPU
		{CAEBDBA3-1F18-421E-933E-8CD00C00FD79}.Debug|Any CPU.Build.0 = Debug|Any CPU
		{CAEBDBA3-1F18-421E-933E-8CD00C00FD79}.Debug|x64.ActiveCfg = Debug|Any CPU
		{CAEBDBA3-1F18-421E-933E-8CD00C00FD79}.Debug|x64.Build.0 = Debug|Any CPU
		{CAEBDBA3-1F18-421E-933E-8CD00C00FD79}.Debug|x86.ActiveCfg = Debug|Any CPU
		{CAEBDBA3-1F18-421E-933E-8CD00C00FD79}.Debug|x86.Build.0 = Debug|Any CPU
		{CAEBDBA3-1F18-421E-933E-8CD00C00FD79}.Release|Any CPU.ActiveCfg = Release|Any CPU
		{CAEBDBA3-1F18-421E-933E-8CD00C00FD79}.Release|Any CPU.Build.0 = Release|Any CPU
		{CAEBDBA3-1F18-421E-933E-8CD00C00FD79}.Release|x64.ActiveCfg = Release|Any CPU
		{CAEBDBA3-1F18-421E-933E-8CD00C00FD79}.Release|x64.Build.0 = Release|Any CPU
		{CAEBDBA3-1F18-421E-933E-8CD00C00FD79}.Release|x86.ActiveCfg = Release|Any CPU
		{CAEBDBA3-1F18-421E-933E-8CD00C00FD79}.Release|x86.Build.0 = Release|Any CPU
		{A3FCDAB1-E8A7-43D7-8F64-3B6C4B2AD6B2}.Debug|Any CPU.ActiveCfg = Debug|Any CPU
		{A3FCDAB1-E8A7-43D7-8F64-3B6C4B2AD6B2}.Debug|Any CPU.Build.0 = Debug|Any CPU
		{A3FCDAB1-E8A7-43D7-8F64-3B6C4B2AD6B2}.Debug|x64.ActiveCfg = Debug|Any CPU
		{A3FCDAB1-E8A7-43D7-8F64-3B6C4B2AD6B2}.Debug|x64.Build.0 = Debug|Any CPU
		{A3FCDAB1-E8A7-43D7-8F64-3B6C4B2AD6B2}.Debug|x86.ActiveCfg = Debug|Any CPU
		{A3FCDAB1-E8A7-43D7-8F64-3B6C4B2AD6B2}.Debug|x86.Build.0 = Debug|Any CPU
		{A3FCDAB1-E8A7-43D7-8F64-3B6C4B2AD6B2}.Release|Any CPU.ActiveCfg = Release|Any CPU
		{A3FCDAB1-E8A7-43D7-8F64-3B6C4B2AD6B2}.Release|Any CPU.Build.0 = Release|Any CPU
		{A3FCDAB1-E8A7-43D7-8F64-3B6C4B2AD6B2}.Release|x64.ActiveCfg = Release|Any CPU
		{A3FCDAB1-E8A7-43D7-8F64-3B6C4B2AD6B2}.Release|x64.Build.0 = Release|Any CPU
		{A3FCDAB1-E8A7-43D7-8F64-3B6C4B2AD6B2}.Release|x86.ActiveCfg = Release|Any CPU
		{A3FCDAB1-E8A7-43D7-8F64-3B6C4B2AD6B2}.Release|x86.Build.0 = Release|Any CPU
		{688C1BD8-14B7-428C-B9B2-D74B84EE0D82}.Debug|Any CPU.ActiveCfg = Debug|Any CPU
		{688C1BD8-14B7-428C-B9B2-D74B84EE0D82}.Debug|Any CPU.Build.0 = Debug|Any CPU
		{688C1BD8-14B7-428C-B9B2-D74B84EE0D82}.Debug|x64.ActiveCfg = Debug|Any CPU
		{688C1BD8-14B7-428C-B9B2-D74B84EE0D82}.Debug|x64.Build.0 = Debug|Any CPU
		{688C1BD8-14B7-428C-B9B2-D74B84EE0D82}.Debug|x86.ActiveCfg = Debug|Any CPU
		{688C1BD8-14B7-428C-B9B2-D74B84EE0D82}.Debug|x86.Build.0 = Debug|Any CPU
		{688C1BD8-14B7-428C-B9B2-D74B84EE0D82}.Release|Any CPU.ActiveCfg = Release|Any CPU
		{688C1BD8-14B7-428C-B9B2-D74B84EE0D82}.Release|Any CPU.Build.0 = Release|Any CPU
		{688C1BD8-14B7-428C-B9B2-D74B84EE0D82}.Release|x64.ActiveCfg = Release|Any CPU
		{688C1BD8-14B7-428C-B9B2-D74B84EE0D82}.Release|x64.Build.0 = Release|Any CPU
		{688C1BD8-14B7-428C-B9B2-D74B84EE0D82}.Release|x86.ActiveCfg = Release|Any CPU
		{688C1BD8-14B7-428C-B9B2-D74B84EE0D82}.Release|x86.Build.0 = Release|Any CPU
		{4A112F77-EA92-4693-8C87-04290CC32C93}.Debug|Any CPU.ActiveCfg = Debug|Any CPU
		{4A112F77-EA92-4693-8C87-04290CC32C93}.Debug|Any CPU.Build.0 = Debug|Any CPU
		{4A112F77-EA92-4693-8C87-04290CC32C93}.Debug|x64.ActiveCfg = Debug|Any CPU
		{4A112F77-EA92-4693-8C87-04290CC32C93}.Debug|x64.Build.0 = Debug|Any CPU
		{4A112F77-EA92-4693-8C87-04290CC32C93}.Debug|x86.ActiveCfg = Debug|Any CPU
		{4A112F77-EA92-4693-8C87-04290CC32C93}.Debug|x86.Build.0 = Debug|Any CPU
		{4A112F77-EA92-4693-8C87-04290CC32C93}.Release|Any CPU.ActiveCfg = Release|Any CPU
		{4A112F77-EA92-4693-8C87-04290CC32C93}.Release|Any CPU.Build.0 = Release|Any CPU
		{4A112F77-EA92-4693-8C87-04290CC32C93}.Release|x64.ActiveCfg = Release|Any CPU
		{4A112F77-EA92-4693-8C87-04290CC32C93}.Release|x64.Build.0 = Release|Any CPU
		{4A112F77-EA92-4693-8C87-04290CC32C93}.Release|x86.ActiveCfg = Release|Any CPU
		{4A112F77-EA92-4693-8C87-04290CC32C93}.Release|x86.Build.0 = Release|Any CPU
		{FD591838-D680-424E-A6D6-FAC0EF5B8179}.Debug|Any CPU.ActiveCfg = Debug|Any CPU
		{FD591838-D680-424E-A6D6-FAC0EF5B8179}.Debug|Any CPU.Build.0 = Debug|Any CPU
		{FD591838-D680-424E-A6D6-FAC0EF5B8179}.Debug|x64.ActiveCfg = Debug|Any CPU
		{FD591838-D680-424E-A6D6-FAC0EF5B8179}.Debug|x64.Build.0 = Debug|Any CPU
		{FD591838-D680-424E-A6D6-FAC0EF5B8179}.Debug|x86.ActiveCfg = Debug|Any CPU
		{FD591838-D680-424E-A6D6-FAC0EF5B8179}.Debug|x86.Build.0 = Debug|Any CPU
		{FD591838-D680-424E-A6D6-FAC0EF5B8179}.Release|Any CPU.ActiveCfg = Release|Any CPU
		{FD591838-D680-424E-A6D6-FAC0EF5B8179}.Release|Any CPU.Build.0 = Release|Any CPU
		{FD591838-D680-424E-A6D6-FAC0EF5B8179}.Release|x64.ActiveCfg = Release|Any CPU
		{FD591838-D680-424E-A6D6-FAC0EF5B8179}.Release|x64.Build.0 = Release|Any CPU
		{FD591838-D680-424E-A6D6-FAC0EF5B8179}.Release|x86.ActiveCfg = Release|Any CPU
		{FD591838-D680-424E-A6D6-FAC0EF5B8179}.Release|x86.Build.0 = Release|Any CPU
		{5CF5C596-B497-4B03-95D0-D1914DF6C994}.Debug|Any CPU.ActiveCfg = Debug|Any CPU
		{5CF5C596-B497-4B03-95D0-D1914DF6C994}.Debug|Any CPU.Build.0 = Debug|Any CPU
		{5CF5C596-B497-4B03-95D0-D1914DF6C994}.Debug|x64.ActiveCfg = Debug|Any CPU
		{5CF5C596-B497-4B03-95D0-D1914DF6C994}.Debug|x64.Build.0 = Debug|Any CPU
		{5CF5C596-B497-4B03-95D0-D1914DF6C994}.Debug|x86.ActiveCfg = Debug|Any CPU
		{5CF5C596-B497-4B03-95D0-D1914DF6C994}.Debug|x86.Build.0 = Debug|Any CPU
		{5CF5C596-B497-4B03-95D0-D1914DF6C994}.Release|Any CPU.ActiveCfg = Release|Any CPU
		{5CF5C596-B497-4B03-95D0-D1914DF6C994}.Release|Any CPU.Build.0 = Release|Any CPU
		{5CF5C596-B497-4B03-95D0-D1914DF6C994}.Release|x64.ActiveCfg = Release|Any CPU
		{5CF5C596-B497-4B03-95D0-D1914DF6C994}.Release|x64.Build.0 = Release|Any CPU
		{5CF5C596-B497-4B03-95D0-D1914DF6C994}.Release|x86.ActiveCfg = Release|Any CPU
		{5CF5C596-B497-4B03-95D0-D1914DF6C994}.Release|x86.Build.0 = Release|Any CPU
		{24C294CF-65A8-4BF6-B0C2-F917F8097E69}.Debug|Any CPU.ActiveCfg = Debug|Any CPU
		{24C294CF-65A8-4BF6-B0C2-F917F8097E69}.Debug|Any CPU.Build.0 = Debug|Any CPU
		{24C294CF-65A8-4BF6-B0C2-F917F8097E69}.Debug|x64.ActiveCfg = Debug|Any CPU
		{24C294CF-65A8-4BF6-B0C2-F917F8097E69}.Debug|x64.Build.0 = Debug|Any CPU
		{24C294CF-65A8-4BF6-B0C2-F917F8097E69}.Debug|x86.ActiveCfg = Debug|Any CPU
		{24C294CF-65A8-4BF6-B0C2-F917F8097E69}.Debug|x86.Build.0 = Debug|Any CPU
		{24C294CF-65A8-4BF6-B0C2-F917F8097E69}.Release|Any CPU.ActiveCfg = Release|Any CPU
		{24C294CF-65A8-4BF6-B0C2-F917F8097E69}.Release|Any CPU.Build.0 = Release|Any CPU
		{24C294CF-65A8-4BF6-B0C2-F917F8097E69}.Release|x64.ActiveCfg = Release|Any CPU
		{24C294CF-65A8-4BF6-B0C2-F917F8097E69}.Release|x64.Build.0 = Release|Any CPU
		{24C294CF-65A8-4BF6-B0C2-F917F8097E69}.Release|x86.ActiveCfg = Release|Any CPU
		{24C294CF-65A8-4BF6-B0C2-F917F8097E69}.Release|x86.Build.0 = Release|Any CPU
		{5B8F3776-598A-4114-943A-FA32EA6FFA33}.Debug|Any CPU.ActiveCfg = Debug|Any CPU
		{5B8F3776-598A-4114-943A-FA32EA6FFA33}.Debug|Any CPU.Build.0 = Debug|Any CPU
		{5B8F3776-598A-4114-943A-FA32EA6FFA33}.Debug|x64.ActiveCfg = Debug|Any CPU
		{5B8F3776-598A-4114-943A-FA32EA6FFA33}.Debug|x64.Build.0 = Debug|Any CPU
		{5B8F3776-598A-4114-943A-FA32EA6FFA33}.Debug|x86.ActiveCfg = Debug|Any CPU
		{5B8F3776-598A-4114-943A-FA32EA6FFA33}.Debug|x86.Build.0 = Debug|Any CPU
		{5B8F3776-598A-4114-943A-FA32EA6FFA33}.Release|Any CPU.ActiveCfg = Release|Any CPU
		{5B8F3776-598A-4114-943A-FA32EA6FFA33}.Release|Any CPU.Build.0 = Release|Any CPU
		{5B8F3776-598A-4114-943A-FA32EA6FFA33}.Release|x64.ActiveCfg = Release|Any CPU
		{5B8F3776-598A-4114-943A-FA32EA6FFA33}.Release|x64.Build.0 = Release|Any CPU
		{5B8F3776-598A-4114-943A-FA32EA6FFA33}.Release|x86.ActiveCfg = Release|Any CPU
		{5B8F3776-598A-4114-943A-FA32EA6FFA33}.Release|x86.Build.0 = Release|Any CPU
		{685285A0-C98C-4FFB-9FF4-0DE2EDA40933}.Debug|Any CPU.ActiveCfg = Debug|Any CPU
		{685285A0-C98C-4FFB-9FF4-0DE2EDA40933}.Debug|Any CPU.Build.0 = Debug|Any CPU
		{685285A0-C98C-4FFB-9FF4-0DE2EDA40933}.Debug|x64.ActiveCfg = Debug|Any CPU
		{685285A0-C98C-4FFB-9FF4-0DE2EDA40933}.Debug|x64.Build.0 = Debug|Any CPU
		{685285A0-C98C-4FFB-9FF4-0DE2EDA40933}.Debug|x86.ActiveCfg = Debug|Any CPU
		{685285A0-C98C-4FFB-9FF4-0DE2EDA40933}.Debug|x86.Build.0 = Debug|Any CPU
		{685285A0-C98C-4FFB-9FF4-0DE2EDA40933}.Release|Any CPU.ActiveCfg = Release|Any CPU
		{685285A0-C98C-4FFB-9FF4-0DE2EDA40933}.Release|Any CPU.Build.0 = Release|Any CPU
		{685285A0-C98C-4FFB-9FF4-0DE2EDA40933}.Release|x64.ActiveCfg = Release|Any CPU
		{685285A0-C98C-4FFB-9FF4-0DE2EDA40933}.Release|x64.Build.0 = Release|Any CPU
		{685285A0-C98C-4FFB-9FF4-0DE2EDA40933}.Release|x86.ActiveCfg = Release|Any CPU
		{685285A0-C98C-4FFB-9FF4-0DE2EDA40933}.Release|x86.Build.0 = Release|Any CPU
		{0E1DD84F-F9A9-4E2E-B154-5995638F1378}.Debug|Any CPU.ActiveCfg = Debug|Any CPU
		{0E1DD84F-F9A9-4E2E-B154-5995638F1378}.Debug|Any CPU.Build.0 = Debug|Any CPU
		{0E1DD84F-F9A9-4E2E-B154-5995638F1378}.Debug|x64.ActiveCfg = Debug|Any CPU
		{0E1DD84F-F9A9-4E2E-B154-5995638F1378}.Debug|x64.Build.0 = Debug|Any CPU
		{0E1DD84F-F9A9-4E2E-B154-5995638F1378}.Debug|x86.ActiveCfg = Debug|Any CPU
		{0E1DD84F-F9A9-4E2E-B154-5995638F1378}.Debug|x86.Build.0 = Debug|Any CPU
		{0E1DD84F-F9A9-4E2E-B154-5995638F1378}.Release|Any CPU.ActiveCfg = Release|Any CPU
		{0E1DD84F-F9A9-4E2E-B154-5995638F1378}.Release|Any CPU.Build.0 = Release|Any CPU
		{0E1DD84F-F9A9-4E2E-B154-5995638F1378}.Release|x64.ActiveCfg = Release|Any CPU
		{0E1DD84F-F9A9-4E2E-B154-5995638F1378}.Release|x64.Build.0 = Release|Any CPU
		{0E1DD84F-F9A9-4E2E-B154-5995638F1378}.Release|x86.ActiveCfg = Release|Any CPU
		{0E1DD84F-F9A9-4E2E-B154-5995638F1378}.Release|x86.Build.0 = Release|Any CPU
	EndGlobalSection
	GlobalSection(SolutionProperties) = preSolution
		HideSolutionNode = FALSE
	EndGlobalSection
	GlobalSection(NestedProjects) = preSolution
		{61961AD7-F070-4B68-AC84-419CEBE83A03} = {827E0CD3-B72D-47B6-A68D-7590B98EB39B}
		{6271A401-FEFE-45A5-9CF8-77F1093F9C1E} = {827E0CD3-B72D-47B6-A68D-7590B98EB39B}
		{292445B5-6262-4840-A12B-CEAC1757DBAF} = {0AB3BF05-4346-4AA6-1389-037BE0695223}
		{263CC5DB-2D83-48C0-945E-771C7A2C77A3} = {827E0CD3-B72D-47B6-A68D-7590B98EB39B}
		{FD6C9BE9-C1A9-4343-B85F-B1E8D68D8D6C} = {827E0CD3-B72D-47B6-A68D-7590B98EB39B}
		{13A3E75C-D71D-4FD9-8D1C-37E1AF587013} = {827E0CD3-B72D-47B6-A68D-7590B98EB39B}
		{5A5B2007-CBEE-4C3A-8B9B-554440372B58} = {827E0CD3-B72D-47B6-A68D-7590B98EB39B}
		{CAEBDBA3-1F18-421E-933E-8CD00C00FD79} = {0AB3BF05-4346-4AA6-1389-037BE0695223}
		{A3FCDAB1-E8A7-43D7-8F64-3B6C4B2AD6B2} = {0AB3BF05-4346-4AA6-1389-037BE0695223}
		{688C1BD8-14B7-428C-B9B2-D74B84EE0D82} = {0AB3BF05-4346-4AA6-1389-037BE0695223}
		{4A112F77-EA92-4693-8C87-04290CC32C93} = {0AB3BF05-4346-4AA6-1389-037BE0695223}
		{FD591838-D680-424E-A6D6-FAC0EF5B8179} = {0AB3BF05-4346-4AA6-1389-037BE0695223}
		{5CF5C596-B497-4B03-95D0-D1914DF6C994} = {827E0CD3-B72D-47B6-A68D-7590B98EB39B}
		{24C294CF-65A8-4BF6-B0C2-F917F8097E69} = {0AB3BF05-4346-4AA6-1389-037BE0695223}
		{5B8F3776-598A-4114-943A-FA32EA6FFA33} = {827E0CD3-B72D-47B6-A68D-7590B98EB39B}
		{685285A0-C98C-4FFB-9FF4-0DE2EDA40933} = {0AB3BF05-4346-4AA6-1389-037BE0695223}
		{0E1DD84F-F9A9-4E2E-B154-5995638F1378} = {0AB3BF05-4346-4AA6-1389-037BE0695223}
	EndGlobalSection
EndGlobal
